// !$*UTF8*$!
{
	archiveVersion = 1;
	classes = {
	};
	objectVersion = 46;
	objects = {

/* Begin PBXBuildFile section */
		E5D920751CB70F52003FE3B8 /* main.m in Sources */ = {isa = PBXBuildFile; fileRef = E5D920741CB70F52003FE3B8 /* main.m */; };
		E5D920781CB70F52003FE3B8 /* AppDelegate.m in Sources */ = {isa = PBXBuildFile; fileRef = E5D920771CB70F52003FE3B8 /* AppDelegate.m */; };
		E5D920801CB70F52003FE3B8 /* Assets.xcassets in Resources */ = {isa = PBXBuildFile; fileRef = E5D9207F1CB70F52003FE3B8 /* Assets.xcassets */; };
		E5D9208D1CB70FA9003FE3B8 /* MainViewController.m in Sources */ = {isa = PBXBuildFile; fileRef = E5D9208B1CB70FA9003FE3B8 /* MainViewController.m */; };
		E5D9208E1CB70FA9003FE3B8 /* MainViewController.xib in Resources */ = {isa = PBXBuildFile; fileRef = E5D9208C1CB70FA9003FE3B8 /* MainViewController.xib */; };
		E5FB25381CB7D854008D2B60 /* TempViewController.m in Sources */ = {isa = PBXBuildFile; fileRef = E5FB25361CB7D854008D2B60 /* TempViewController.m */; };
		E5FB25391CB7D854008D2B60 /* TempViewController.xib in Resources */ = {isa = PBXBuildFile; fileRef = E5FB25371CB7D854008D2B60 /* TempViewController.xib */; };
/* End PBXBuildFile section */

/* Begin PBXFileReference section */
		E5D920701CB70F52003FE3B8 /* Converter.app */ = {isa = PBXFileReference; explicitFileType = wrapper.application; includeInIndex = 0; path = Converter.app; sourceTree = BUILT_PRODUCTS_DIR; };
		E5D920741CB70F52003FE3B8 /* main.m */ = {isa = PBXFileReference; lastKnownFileType = sourcecode.c.objc; path = main.m; sourceTree = "<group>"; };
		E5D920761CB70F52003FE3B8 /* AppDelegate.h */ = {isa = PBXFileReference; lastKnownFileType = sourcecode.c.h; path = AppDelegate.h; sourceTree = "<group>"; };
		E5D920771CB70F52003FE3B8 /* AppDelegate.m */ = {isa = PBXFileReference; lastKnownFileType = sourcecode.c.objc; path = AppDelegate.m; sourceTree = "<group>"; };
		E5D9207F1CB70F52003FE3B8 /* Assets.xcassets */ = {isa = PBXFileReference; lastKnownFileType = folder.assetcatalog; path = Assets.xcassets; sourceTree = "<group>"; };
		E5D920841CB70F52003FE3B8 /* Info.plist */ = {isa = PBXFileReference; lastKnownFileType = text.plist.xml; path = Info.plist; sourceTree = "<group>"; };
		E5D9208A1CB70FA9003FE3B8 /* MainViewController.h */ = {isa = PBXFileReference; fileEncoding = 4; lastKnownFileType = sourcecode.c.h; path = MainViewController.h; sourceTree = "<group>"; };
		E5D9208B1CB70FA9003FE3B8 /* MainViewController.m */ = {isa = PBXFileReference; fileEncoding = 4; lastKnownFileType = sourcecode.c.objc; path = MainViewController.m; sourceTree = "<group>"; };
		E5D9208C1CB70FA9003FE3B8 /* MainViewController.xib */ = {isa = PBXFileReference; fileEncoding = 4; lastKnownFileType = file.xib; path = MainViewController.xib; sourceTree = "<group>"; };
		E5FB25351CB7D854008D2B60 /* TempViewController.h */ = {isa = PBXFileReference; fileEncoding = 4; lastKnownFileType = sourcecode.c.h; path = TempViewController.h; sourceTree = "<group>"; };
		E5FB25361CB7D854008D2B60 /* TempViewController.m */ = {isa = PBXFileReference; fileEncoding = 4; lastKnownFileType = sourcecode.c.objc; path = TempViewController.m; sourceTree = "<group>"; };
		E5FB25371CB7D854008D2B60 /* TempViewController.xib */ = {isa = PBXFileReference; fileEncoding = 4; lastKnownFileType = file.xib; path = TempViewController.xib; sourceTree = "<group>"; };
/* End PBXFileReference section */

/* Begin PBXFrameworksBuildPhase section */
		E5D9206D1CB70F52003FE3B8 /* Frameworks */ = {
			isa = PBXFrameworksBuildPhase;
			buildActionMask = 2147483647;
			files = (
			);
			runOnlyForDeploymentPostprocessing = 0;
		};
/* End PBXFrameworksBuildPhase section */

/* Begin PBXGroup section */
		E5D920671CB70F52003FE3B8 = {
			isa = PBXGroup;
			children = (
				E5D920721CB70F52003FE3B8 /* Converter */,
				E5D920711CB70F52003FE3B8 /* Products */,
			);
			sourceTree = "<group>";
		};
		E5D920711CB70F52003FE3B8 /* Products */ = {
			isa = PBXGroup;
			children = (
				E5D920701CB70F52003FE3B8 /* Converter.app */,
			);
			name = Products;
			sourceTree = "<group>";
		};
		E5D920721CB70F52003FE3B8 /* Converter */ = {
			isa = PBXGroup;
			children = (
				E5D9208F1CB70FAD003FE3B8 /* AppDelegate */,
				E5D920901CB70FB8003FE3B8 /* Root Controller */,
				E5D920911CB71FDA003FE3B8 /* Temperature Contrller */,
				E5D9207F1CB70F52003FE3B8 /* Assets.xcassets */,
				E5D920841CB70F52003FE3B8 /* Info.plist */,
				E5D920731CB70F52003FE3B8 /* Supporting Files */,
			);
			path = Converter;
			sourceTree = "<group>";
		};
		E5D920731CB70F52003FE3B8 /* Supporting Files */ = {
			isa = PBXGroup;
			children = (
				E5D920741CB70F52003FE3B8 /* main.m */,
			);
			name = "Supporting Files";
			sourceTree = "<group>";
		};
		E5D9208F1CB70FAD003FE3B8 /* AppDelegate */ = {
			isa = PBXGroup;
			children = (
				E5D920761CB70F52003FE3B8 /* AppDelegate.h */,
				E5D920771CB70F52003FE3B8 /* AppDelegate.m */,
			);
			name = AppDelegate;
			sourceTree = "<group>";
		};
		E5D920901CB70FB8003FE3B8 /* Root Controller */ = {
			isa = PBXGroup;
			children = (
				E5D9208A1CB70FA9003FE3B8 /* MainViewController.h */,
				E5D9208B1CB70FA9003FE3B8 /* MainViewController.m */,
				E5D9208C1CB70FA9003FE3B8 /* MainViewController.xib */,
			);
			name = "Root Controller";
			sourceTree = "<group>";
		};
		E5D920911CB71FDA003FE3B8 /* Temperature Contrller */ = {
			isa = PBXGroup;
			children = (
				E5FB25351CB7D854008D2B60 /* TempViewController.h */,
				E5FB25361CB7D854008D2B60 /* TempViewController.m */,
				E5FB25371CB7D854008D2B60 /* TempViewController.xib */,
			);
			name = "Temperature Contrller";
			sourceTree = "<group>";
		};
/* End PBXGroup section */

/* Begin PBXNativeTarget section */
		E5D9206F1CB70F52003FE3B8 /* Converter */ = {
			isa = PBXNativeTarget;
			buildConfigurationList = E5D920871CB70F52003FE3B8 /* Build configuration list for PBXNativeTarget "Converter" */;
			buildPhases = (
				E5D9206C1CB70F52003FE3B8 /* Sources */,
				E5D9206D1CB70F52003FE3B8 /* Frameworks */,
				E5D9206E1CB70F52003FE3B8 /* Resources */,
			);
			buildRules = (
			);
			dependencies = (
			);
			name = Converter;
			productName = Converter;
			productReference = E5D920701CB70F52003FE3B8 /* Converter.app */;
			productType = "com.apple.product-type.application";
		};
/* End PBXNativeTarget section */

/* Begin PBXProject section */
		E5D920681CB70F52003FE3B8 /* Project object */ = {
			isa = PBXProject;
			attributes = {
				LastUpgradeCheck = 0720;
				ORGANIZATIONNAME = Emy;
				TargetAttributes = {
					E5D9206F1CB70F52003FE3B8 = {
						CreatedOnToolsVersion = 7.2;
					};
				};
			};
			buildConfigurationList = E5D9206B1CB70F52003FE3B8 /* Build configuration list for PBXProject "Converter" */;
			compatibilityVersion = "Xcode 3.2";
			developmentRegion = English;
			hasScannedForEncodings = 0;
			knownRegions = (
				en,
				Base,
			);
			mainGroup = E5D920671CB70F52003FE3B8;
			productRefGroup = E5D920711CB70F52003FE3B8 /* Products */;
			projectDirPath = "";
			projectRoot = "";
			targets = (
				E5D9206F1CB70F52003FE3B8 /* Converter */,
			);
		};
/* End PBXProject section */

/* Begin PBXResourcesBuildPhase section */
		E5D9206E1CB70F52003FE3B8 /* Resources */ = {
			isa = PBXResourcesBuildPhase;
			buildActionMask = 2147483647;
			files = (
				E5FB25391CB7D854008D2B60 /* TempViewController.xib in Resources */,
				E5D920801CB70F52003FE3B8 /* Assets.xcassets in Resources */,
				E5D9208E1CB70FA9003FE3B8 /* MainViewController.xib in Resources */,
			);
			runOnlyForDeploymentPostprocessing = 0;
		};
/* End PBXResourcesBuildPhase section */

/* Begin PBXSourcesBuildPhase section */
		E5D9206C1CB70F52003FE3B8 /* Sources */ = {
			isa = PBXSourcesBuildPhase;
			buildActionMask = 2147483647;
			files = (
				E5D920781CB70F52003FE3B8 /* AppDelegate.m in Sources */,
				E5FB25381CB7D854008D2B60 /* TempViewController.m in Sources */,
				E5D9208D1CB70FA9003FE3B8 /* MainViewController.m in Sources */,
				E5D920751CB70F52003FE3B8 /* main.m in Sources */,
			);
			runOnlyForDeploymentPostprocessing = 0;
		};
/* End PBXSourcesBuildPhase section */

/* Begin XCBuildConfiguration section */
		E5D920851CB70F52003FE3B8 /* Debug */ = {
			isa = XCBuildConfiguration;
			buildSettings = {
				ALWAYS_SEARCH_USER_PATHS = NO;
				CLANG_CXX_LANGUAGE_STANDARD = "gnu++0x";
				CLANG_CXX_LIBRARY = "libc++";
				CLANG_ENABLE_MODULES = YES;
				CLANG_ENABLE_OBJC_ARC = YES;
				CLANG_WARN_BOOL_CONVERSION = YES;
				CLANG_WARN_CONSTANT_CONVERSION = YES;
				CLANG_WARN_DIRECT_OBJC_ISA_USAGE = YES_ERROR;
				CLANG_WARN_EMPTY_BODY = YES;
				CLANG_WARN_ENUM_CONVERSION = YES;
				CLANG_WARN_INT_CONVERSION = YES;
				CLANG_WARN_OBJC_ROOT_CLASS = YES_ERROR;
				CLANG_WARN_UNREACHABLE_CODE = YES;
				CLANG_WARN__DUPLICATE_METHOD_MATCH = YES;
				"CODE_SIGN_IDENTITY[sdk=iphoneos*]" = "iPhone Developer";
				COPY_PHASE_STRIP = NO;
				DEBUG_INFORMATION_FORMAT = dwarf;
				ENABLE_STRICT_OBJC_MSGSEND = YES;
				ENABLE_TESTABILITY = YES;
				GCC_C_LANGUAGE_STANDARD = gnu99;
				GCC_DYNAMIC_NO_PIC = NO;
				GCC_NO_COMMON_BLOCKS = YES;
				GCC_OPTIMIZATION_LEVEL = 0;
				GCC_PREPROCESSOR_DEFINITIONS = (
					"DEBUG=1",
					"$(inherited)",
				);
				GCC_WARN_64_TO_32_BIT_CONVERSION = YES;
				GCC_WARN_ABOUT_RETURN_TYPE = YES_ERROR;
				GCC_WARN_UNDECLARED_SELECTOR = YES;
				GCC_WARN_UNINITIALIZED_AUTOS = YES_AGGRESSIVE;
				GCC_WARN_UNUSED_FUNCTION = YES;
				GCC_WARN_UNUSED_VARIABLE = YES;
				IPHONEOS_DEPLOYMENT_TARGET = 9.2;
				MTL_ENABLE_DEBUG_INFO = YES;
				ONLY_ACTIVE_ARCH = YES;
				SDKROOT = iphoneos;
				TARGETED_DEVICE_FAMILY = "1,2";
			};
			name = Debug;
		};
		E5D920861CB70F52003FE3B8 /* Release */ = {
			isa = XCBuildConfiguration;
			buildSettings = {
				ALWAYS_SEARCH_USER_PATHS = NO;
				CLANG_CXX_LANGUAGE_STANDARD = "gnu++0x";
				CLANG_CXX_LIBRARY = "libc++";
				CLANG_ENABLE_MODULES = YES;
				CLANG_ENABLE_OBJC_ARC = YES;
				CLANG_WARN_BOOL_CONVERSION = YES;
				CLANG_WARN_CONSTANT_CONVERSION = YES;
				CLANG_WARN_DIRECT_OBJC_ISA_USAGE = YES_ERROR;
				CLANG_WARN_EMPTY_BODY = YES;
				CLANG_WARN_ENUM_CONVERSION = YES;
				CLANG_WARN_INT_CONVERSION = YES;
				CLANG_WARN_OBJC_ROOT_CLASS = YES_ERROR;
				CLANG_WARN_UNREACHABLE_CODE = YES;
				CLANG_WARN__DUPLICATE_METHOD_MATCH = YES;
				"CODE_SIGN_IDENTITY[sdk=iphoneos*]" = "iPhone Developer";
				COPY_PHASE_STRIP = NO;
				DEBUG_INFORMATION_FORMAT = "dwarf-with-dsym";
				ENABLE_NS_ASSERTIONS = NO;
				ENABLE_STRICT_OBJC_MSGSEND = YES;
				GCC_C_LANGUAGE_STANDARD = gnu99;
				GCC_NO_COMMON_BLOCKS = YES;
				GCC_WARN_64_TO_32_BIT_CONVERSION = YES;
				GCC_WARN_ABOUT_RETURN_TYPE = YES_ERROR;
				GCC_WARN_UNDECLARED_SELECTOR = YES;
				GCC_WARN_UNINITIALIZED_AUTOS = YES_AGGRESSIVE;
				GCC_WARN_UNUSED_FUNCTION = YES;
				GCC_WARN_UNUSED_VARIABLE = YES;
				IPHONEOS_DEPLOYMENT_TARGET = 9.2;
				MTL_ENABLE_DEBUG_INFO = NO;
				SDKROOT = iphoneos;
				TARGETED_DEVICE_FAMILY = "1,2";
				VALIDATE_PRODUCT = YES;
			};
			name = Release;
		};
		E5D920881CB70F52003FE3B8 /* Debug */ = {
			isa = XCBuildConfiguration;
			buildSettings = {
				ASSETCATALOG_COMPILER_APPICON_NAME = AppIcon;
				INFOPLIST_FILE = Converter/Info.plist;
				LD_RUNPATH_SEARCH_PATHS = "$(inherited) @executable_path/Frameworks";
				PRODUCT_BUNDLE_IDENTIFIER = Emystats.Converter;
				PRODUCT_NAME = "$(TARGET_NAME)";
				TARGETED_DEVICE_FAMILY = 1;
			};
			name = Debug;
		};
		E5D920891CB70F52003FE3B8 /* Release */ = {
			isa = XCBuildConfiguration;
			buildSettings = {
				ASSETCATALOG_COMPILER_APPICON_NAME = AppIcon;
				INFOPLIST_FILE = Converter/Info.plist;
				LD_RUNPATH_SEARCH_PATHS = "$(inherited) @executable_path/Frameworks";
				PRODUCT_BUNDLE_IDENTIFIER = Emystats.Converter;
				PRODUCT_NAME = "$(TARGET_NAME)";
				TARGETED_DEVICE_FAMILY = 1;
			};
			name = Release;
		};
/* End XCBuildConfiguration section */

/* Begin XCConfigurationList section */
		E5D9206B1CB70F52003FE3B8 /* Build configuration list for PBXProject "Converter" */ = {
			isa = XCConfigurationList;
			buildConfigurations = (
				E5D920851CB70F52003FE3B8 /* Debug */,
				E5D920861CB70F52003FE3B8 /* Release */,
			);
			defaultConfigurationIsVisible = 0;
			defaultConfigurationName = Release;
		};
		E5D920871CB70F52003FE3B8 /* Build configuration list for PBXNativeTarget "Converter" */ = {
			isa = XCConfigurationList;
			buildConfigurations = (
				E5D920881CB70F52003FE3B8 /* Debug */,
				E5D920891CB70F52003FE3B8 /* Release */,
			);
			defaultConfigurationIsVisible = 0;
			defaultConfigurationName = Release;
		};
/* End XCConfigurationList section */
	};
	rootObject = E5D920681CB70F52003FE3B8 /* Project object */;
}
